
Microsoft Visual Studio Solution File, Format Version 12.00
# Visual Studio 15
VisualStudioVersion = 15.0.28307.168
MinimumVisualStudioVersion = 10.0.40219.1
Project("{FAE04EC0-301F-11D3-BF4B-00C04F79EFBC}") = "Library Management System", "Library Management System\Library Management System.csproj", "{0616676C-70C5-47C9-885A-D431B3F74B08}"
EndProject
Global
	GlobalSection(SolutionConfigurationPlatforms) = preSolution
		Debug|Any CPU = Debug|Any CPU
		Release|Any CPU = Release|Any CPU
	EndGlobalSection
	GlobalSection(ProjectConfigurationPlatforms) = postSolution
		{0616676C-70C5-47C9-885A-D431B3F74B08}.Debug|Any CPU.ActiveCfg = Debug|Any CPU
		{0616676C-70C5-47C9-885A-D431B3F74B08}.Debug|Any CPU.Build.0 = Debug|Any CPU
		{0616676C-70C5-47C9-885A-D431B3F74B08}.Release|Any CPU.ActiveCfg = Release|Any CPU
		{0616676C-70C5-47C9-885A-D431B3F74B08}.Release|Any CPU.Build.0 = Release|Any CPU
	EndGlobalSection
	GlobalSection(SolutionProperties) = preSolution
		HideSolutionNode = FALSE
	EndGlobalSection
	GlobalSection(ExtensibilityGlobals) = postSolution
		SolutionGuid = {2524E670-15B4-4FCD-B8DB-C5E11B8EF48B}
	EndGlobalSection
EndGlobal
